github.com/google/go-cmp v0.5.9 h1:O2Tfq5qg4qc4AmwVlvv0oLiVAGB7enBSJ2x2DqQFi38=
github.com/google/go-cmp v0.5.9/go.mod h1:17dUlkBOakJ0+DkrSSNjCkIjxS6bF9zb3elmeNGIjoY=
github.com/gorilla/websocket v1.5.3 h1:saDtZ6Pbx/0u+bgYQ3q96pZgCzfhKXGPqt7kZ72aNNg=
github.com/gorilla/websocket v1.5.3/go.mod h1:YR8l580nyteQvAITg2hZ9XVh4b55+EU/adAjf1fMHhE=
github.com/neutralusername/Systemge v0.0.0-20240813150242-e7de682050ae h1:WFUfaLNxPZllMcz5R7OY1uIF6l4CRSsDA4YacEjEm7A=
github.com/neutralusername/Systemge v0.0.0-20240813150242-e7de682050ae/go.mod h1:+oKIYoY+7ma/hz/XUa3Gaw3Di3GzK5I8rahrx9AXUKA=
github.com/neutralusername/Systemge v0.0.0-20240824115542-2ef9242d3466 h1:QxyHaSpd5MfOsE3YQdJf7dTtHOfT1QSL5N1KY/L20pA=
github.com/neutralusername/Systemge v0.0.0-20240824115542-2ef9242d3466/go.mod h1:xUsJZVkfPHoEJ1dH+ZRM7nBiQenuObLGUYCsJLpcO4U=
github.com/neutralusername/Systemge v0.0.0-20240825065049-29ea3104107e h1:/9ue1fec7bgiJ11clkWZPemML1jg2G7zliH5FVDc2Po=
github.com/neutralusername/Systemge v0.0.0-20240825065049-29ea3104107e/go.mod h1:xUsJZVkfPHoEJ1dH+ZRM7nBiQenuObLGUYCsJLpcO4U=
golang.org/x/oauth2 v0.21.0 h1:tsimM75w1tF/uws5rbeHzIWxEqElMehnc+iW793zsZs=
golang.org/x/oauth2 v0.21.0/go.mod h1:XYTD2NtWslqkgxebSiOHnXEap4TF09sJSc7H1sXbhtI=
