github.com/google/go-cmp v0.5.9 h1:O2Tfq5qg4qc4AmwVlvv0oLiVAGB7enBSJ2x2DqQFi38=
github.com/google/go-cmp v0.5.9/go.mod h1:17dUlkBOakJ0+DkrSSNjCkIjxS6bF9zb3elmeNGIjoY=
github.com/gorilla/websocket v1.5.3 h1:saDtZ6Pbx/0u+bgYQ3q96pZgCzfhKXGPqt7kZ72aNNg=
github.com/gorilla/websocket v1.5.3/go.mod h1:YR8l580nyteQvAITg2hZ9XVh4b55+EU/adAjf1fMHhE=
github.com/neutralusername/Systemge v0.0.0-20240813150242-e7de682050ae h1:WFUfaLNxPZllMcz5R7OY1uIF6l4CRSsDA4YacEjEm7A=
github.com/neutralusername/Systemge v0.0.0-20240813150242-e7de682050ae/go.mod h1:+oKIYoY+7ma/hz/XUa3Gaw3Di3GzK5I8rahrx9AXUKA=
github.com/neutralusername/Systemge v0.0.0-20240824115542-2ef9242d3466 h1:QxyHaSpd5MfOsE3YQdJf7dTtHOfT1QSL5N1KY/L20pA=
github.com/neutralusername/Systemge v0.0.0-20240824115542-2ef9242d3466/go.mod h1:xUsJZVkfPHoEJ1dH+ZRM7nBiQenuObLGUYCsJLpcO4U=
github.com/neutralusername/Systemge v0.0.0-20240825065049-29ea3104107e h1:/9ue1fec7bgiJ11clkWZPemML1jg2G7zliH5FVDc2Po=
github.com/neutralusername/Systemge v0.0.0-20240825065049-29ea3104107e/go.mod h1:xUsJZVkfPHoEJ1dH+ZRM7nBiQenuObLGUYCsJLpcO4U=
github.com/neutralusername/Systemge v0.0.0-20240825163950-f53ac43cac8e h1:qj3Bbt3WY++qc/uh5aOsZG0IsxrnJEevU8hE9dCOBlU=
github.com/neutralusername/Systemge v0.0.0-20240825163950-f53ac43cac8e/go.mod h1:xUsJZVkfPHoEJ1dH+ZRM7nBiQenuObLGUYCsJLpcO4U=
github.com/neutralusername/Systemge v0.0.0-20240826191952-4f670a5cb3a2 h1:x7r4FeBRDMnINQfFh2M8bQhS3NfwSMQmLiZgssTfw10=
github.com/neutralusername/Systemge v0.0.0-20240826191952-4f670a5cb3a2/go.mod h1:xUsJZVkfPHoEJ1dH+ZRM7nBiQenuObLGUYCsJLpcO4U=
github.com/neutralusername/Systemge v0.0.0-20240826193953-4e9a3a3834ea h1:OvvHIx0PikkaP1siIdUfWlPqu60QV2Y7q2SVc/gnkV8=
github.com/neutralusername/Systemge v0.0.0-20240826193953-4e9a3a3834ea/go.mod h1:xUsJZVkfPHoEJ1dH+ZRM7nBiQenuObLGUYCsJLpcO4U=
github.com/neutralusername/Systemge v0.0.0-20240828093006-3c35640caca3 h1:G7xQKB6CZSdNxtPxTOFP9b1l61IQSG+CvxM+3cL5CHM=
github.com/neutralusername/Systemge v0.0.0-20240828093006-3c35640caca3/go.mod h1:xUsJZVkfPHoEJ1dH+ZRM7nBiQenuObLGUYCsJLpcO4U=
github.com/neutralusername/Systemge v0.0.0-20240829064902-e137852b93ba h1:MxGpX0Zgq5ZEYAbsz75mODiK/d7ANOANDApFdu1IjGI=
github.com/neutralusername/Systemge v0.0.0-20240829064902-e137852b93ba/go.mod h1:xUsJZVkfPHoEJ1dH+ZRM7nBiQenuObLGUYCsJLpcO4U=
github.com/neutralusername/Systemge v0.0.0-20240829065729-c60c0b2cbf19 h1:MTFC5u6gHD/IvYsTXfaqAMEENJTlRZkAxidLehw7LEw=
github.com/neutralusername/Systemge v0.0.0-20240829065729-c60c0b2cbf19/go.mod h1:xUsJZVkfPHoEJ1dH+ZRM7nBiQenuObLGUYCsJLpcO4U=
github.com/neutralusername/Systemge v0.0.0-20240829070817-5453f2bed3db h1:zItHVTss7m3f7u3Qcq1gLjGkPWgYwo5VI7ySX3Gu5dw=
github.com/neutralusername/Systemge v0.0.0-20240829070817-5453f2bed3db/go.mod h1:xUsJZVkfPHoEJ1dH+ZRM7nBiQenuObLGUYCsJLpcO4U=
golang.org/x/oauth2 v0.21.0 h1:tsimM75w1tF/uws5rbeHzIWxEqElMehnc+iW793zsZs=
golang.org/x/oauth2 v0.21.0/go.mod h1:XYTD2NtWslqkgxebSiOHnXEap4TF09sJSc7H1sXbhtI=
